<?xml version="1.0" encoding="utf-8"?>
<Project ToolsVersion="4.0" xmlns="http://schemas.microsoft.com/developer/msbuild/2003">
  <ItemGroup>
    <Filter Include="Source Files">
      <UniqueIdentifier>{4FC737F1-C7A5-4376-A066-2A32D752A2FF}</UniqueIdentifier>
      <Extensions>cpp;c;cc;cxx;c++;cppm;ixx;def;odl;idl;hpj;bat;asm;asmx</Extensions>
    </Filter>
    <Filter Include="Header Files">
      <UniqueIdentifier>{93995380-89BD-4b04-88EB-625FBE52EBFB}</UniqueIdentifier>
      <Extensions>h;hh;hpp;hxx;h++;hm;inl;inc;ipp;xsd</Extensions>
    </Filter>
    <Filter Include="Resource Files">
      <UniqueIdentifier>{67DA6AB6-F800-4c08-8B7A-83BB121AAD01}</UniqueIdentifier>
      <Extensions>rc;ico;cur;bmp;dlg;rc2;rct;bin;rgs;gif;jpg;jpeg;jpe;resx;tiff;tif;png;wav;mfcribbon-ms</Extensions>
    </Filter>
  </ItemGroup>
  <ItemGroup>
    <ClInclude Include="Resource.h">
      <Filter>Header Files</Filter>
    </ClInclude>
    <ClInclude Include="pch.h">
      <Filter>Header Files</Filter>
    </ClInclude>
    <ClInclude Include="ProjContext.h">
      <Filter>Header Files</Filter>
    </ClInclude>
    <ClInclude Include="ProjException.h">
      <Filter>Header Files</Filter>
    </ClInclude>
    <ClInclude Include="ProjObject.h">
      <Filter>Header Files</Filter>
    </ClInclude>
    <ClInclude Include="CoordinateOperation.h">
      <Filter>Header Files</Filter>
    </ClInclude>
    <ClInclude Include="ReferenceFrame.h">
      <Filter>Header Files</Filter>
    </ClInclude>
    <ClInclude Include="Ellipsoid.h">
      <Filter>Header Files</Filter>
    </ClInclude>
    <ClInclude Include="PrimeMeridian.h">
      <Filter>Header Files</Filter>
    </ClInclude>
    <ClInclude Include="ProjDatum.h">
      <Filter>Header Files</Filter>
    </ClInclude>
    <ClInclude Include="CoordinateReferenceSystem.h">
      <Filter>Header Files</Filter>
    </ClInclude>
    <ClInclude Include="CoordinateSystem.h">
      <Filter>Header Files</Filter>
    </ClInclude>
    <ClInclude Include="GeographicCoordinateReferenceSystem.h">
      <Filter>Header Files</Filter>
    </ClInclude>
    <ClInclude Include="ProjObjectList.h">
      <Filter>Header Files</Filter>
    </ClInclude>
    <ClInclude Include="CoordinateOperationList.h">
      <Filter>Header Files</Filter>
    </ClInclude>
    <ClInclude Include="ProjDatumList.h">
      <Filter>Header Files</Filter>
    </ClInclude>
    <ClInclude Include="ProjCoordinate.h">
      <Filter>Header Files</Filter>
    </ClInclude>
    <ClInclude Include="CoordinateArea.h">
      <Filter>Header Files</Filter>
    </ClInclude>
    <ClInclude Include="MultiCoordinateOperation.h">
      <Filter>Header Files</Filter>
    </ClInclude>
  </ItemGroup>
  <ItemGroup>
    <ClCompile Include="AssemblyInfo.cpp">
      <Filter>Source Files</Filter>
    </ClCompile>
    <ClCompile Include="pch.cpp">
      <Filter>Source Files</Filter>
    </ClCompile>
    <ClCompile Include="ProjContext.cpp">
      <Filter>Source Files</Filter>
    </ClCompile>
    <ClCompile Include="ProjException.cpp">
      <Filter>Source Files</Filter>
    </ClCompile>
    <ClCompile Include="ProjObject.cpp">
      <Filter>Source Files</Filter>
    </ClCompile>
    <ClCompile Include="CoordinateOperation.cpp">
      <Filter>Source Files</Filter>
    </ClCompile>
    <ClCompile Include="ReferenceFrame.cpp">
      <Filter>Source Files</Filter>
    </ClCompile>
    <ClCompile Include="Ellipsoid.cpp">
      <Filter>Source Files</Filter>
    </ClCompile>
    <ClCompile Include="PrimeMeridian.cpp">
      <Filter>Source Files</Filter>
    </ClCompile>
    <ClCompile Include="ProjDatum.cpp">
      <Filter>Source Files</Filter>
    </ClCompile>
    <ClCompile Include="CoordinateReferenceSystem.cpp">
      <Filter>Source Files</Filter>
    </ClCompile>
    <ClCompile Include="CoordinateSystem.cpp">
      <Filter>Source Files</Filter>
    </ClCompile>
    <ClCompile Include="GeographicCoordinateReferenceSystem.cpp">
      <Filter>Source Files</Filter>
    </ClCompile>
    <ClCompile Include="ProjObjectList.cpp">
      <Filter>Source Files</Filter>
    </ClCompile>
    <ClCompile Include="CoordinateOperationList.cpp">
      <Filter>Source Files</Filter>
    </ClCompile>
    <ClCompile Include="ProjDatumList.cpp">
      <Filter>Source Files</Filter>
    </ClCompile>
    <ClCompile Include="ProjNetworkHandler.cpp">
      <Filter>Source Files</Filter>
    </ClCompile>
    <ClCompile Include="ProjCoordinate.cpp">
      <Filter>Source Files</Filter>
    </ClCompile>
    <ClCompile Include="CoordinateArea.cpp">
      <Filter>Source Files</Filter>
    </ClCompile>
    <ClCompile Include="MultiCoordinateOperation.cpp">
      <Filter>Source Files</Filter>
    </ClCompile>
  </ItemGroup>
  <ItemGroup>
    <ResourceCompile Include="app.rc">
      <Filter>Resource Files</Filter>
    </ResourceCompile>
  </ItemGroup>
  <ItemGroup>
    <Image Include="app.ico">
      <Filter>Resource Files</Filter>
    </Image>
  </ItemGroup>
</Project>