
Microsoft Visual Studio Solution File, Format Version 12.00
# Visual Studio Version 16
VisualStudioVersion = 16.0.30907.101
MinimumVisualStudioVersion = 10.0.40219.1
Project("{8BC9CEB8-8B4A-11D0-8D11-00A0C91BC942}") = "ProjSharp", "ProjSharp\ProjSharp.vcxproj", "{50959CCF-0769-4B0D-848B-A0062075B30A}"
EndProject
Project("{FAE04EC0-301F-11D3-BF4B-00C04F79EFBC}") = "ProjSharp.Tests", "ProjSharp.Tests\ProjSharp.Tests.csproj", "{98A6C576-E642-4C8B-BEDB-6F38BBADD0A6}"
EndProject
Project("{2150E333-8FDC-42A3-9474-1A3956D46DE8}") = "Solution Items", "Solution Items", "{2E5D2332-FEE9-4F2D-8225-22B84BF9D7CC}"
	ProjectSection(SolutionItems) = preProject
		.editorconfig = .editorconfig
		..\README.md = ..\README.md
	EndProjectSection
EndProject
Global
	GlobalSection(SolutionConfigurationPlatforms) = preSolution
		Debug|Any CPU = Debug|Any CPU
		Debug|x64 = Debug|x64
		Debug|x86 = Debug|x86
		Release|Any CPU = Release|Any CPU
		Release|x64 = Release|x64
		Release|x86 = Release|x86
	EndGlobalSection
	GlobalSection(ProjectConfigurationPlatforms) = postSolution
		{50959CCF-0769-4B0D-848B-A0062075B30A}.Debug|Any CPU.ActiveCfg = Debug|Win32
		{50959CCF-0769-4B0D-848B-A0062075B30A}.Debug|x64.ActiveCfg = Debug|x64
		{50959CCF-0769-4B0D-848B-A0062075B30A}.Debug|x64.Build.0 = Debug|x64
		{50959CCF-0769-4B0D-848B-A0062075B30A}.Debug|x86.ActiveCfg = Debug|Win32
		{50959CCF-0769-4B0D-848B-A0062075B30A}.Debug|x86.Build.0 = Debug|Win32
		{50959CCF-0769-4B0D-848B-A0062075B30A}.Release|Any CPU.ActiveCfg = Release|Win32
		{50959CCF-0769-4B0D-848B-A0062075B30A}.Release|x64.ActiveCfg = Release|x64
		{50959CCF-0769-4B0D-848B-A0062075B30A}.Release|x64.Build.0 = Release|x64
		{50959CCF-0769-4B0D-848B-A0062075B30A}.Release|x86.ActiveCfg = Release|Win32
		{50959CCF-0769-4B0D-848B-A0062075B30A}.Release|x86.Build.0 = Release|Win32
		{98A6C576-E642-4C8B-BEDB-6F38BBADD0A6}.Debug|Any CPU.ActiveCfg = Debug|Any CPU
		{98A6C576-E642-4C8B-BEDB-6F38BBADD0A6}.Debug|Any CPU.Build.0 = Debug|Any CPU
		{98A6C576-E642-4C8B-BEDB-6F38BBADD0A6}.Debug|x64.ActiveCfg = Debug|Any CPU
		{98A6C576-E642-4C8B-BEDB-6F38BBADD0A6}.Debug|x64.Build.0 = Debug|Any CPU
		{98A6C576-E642-4C8B-BEDB-6F38BBADD0A6}.Debug|x86.ActiveCfg = Debug|Any CPU
		{98A6C576-E642-4C8B-BEDB-6F38BBADD0A6}.Debug|x86.Build.0 = Debug|Any CPU
		{98A6C576-E642-4C8B-BEDB-6F38BBADD0A6}.Release|Any CPU.ActiveCfg = Release|Any CPU
		{98A6C576-E642-4C8B-BEDB-6F38BBADD0A6}.Release|Any CPU.Build.0 = Release|Any CPU
		{98A6C576-E642-4C8B-BEDB-6F38BBADD0A6}.Release|x64.ActiveCfg = Release|Any CPU
		{98A6C576-E642-4C8B-BEDB-6F38BBADD0A6}.Release|x64.Build.0 = Release|Any CPU
		{98A6C576-E642-4C8B-BEDB-6F38BBADD0A6}.Release|x86.ActiveCfg = Release|Any CPU
		{98A6C576-E642-4C8B-BEDB-6F38BBADD0A6}.Release|x86.Build.0 = Release|Any CPU
	EndGlobalSection
	GlobalSection(SolutionProperties) = preSolution
		HideSolutionNode = FALSE
	EndGlobalSection
	GlobalSection(ExtensibilityGlobals) = postSolution
		SolutionGuid = {7D1AC4A7-7041-4DED-B168-AE0C282FB4DD}
	EndGlobalSection
EndGlobal
